
Microsoft Visual Studio Solution File, Format Version 12.00
# Visual Studio Version 17
VisualStudioVersion = 17.5.33424.131
MinimumVisualStudioVersion = 10.0.40219.1
Project("{FAE04EC0-301F-11D3-BF4B-00C04F79EFBC}") = "NTM System", "Shell\NTM System.csproj", "{4C92D673-CE23-4D60-BCD4-91A58AE9FCD9}"
EndProject
Global
	GlobalSection(SolutionConfigurationPlatforms) = preSolution
		Debug|Any CPU = Debug|Any CPU
		Release|Any CPU = Release|Any CPU
	EndGlobalSection
	GlobalSection(ProjectConfigurationPlatforms) = postSolution
		{4C92D673-CE23-4D60-BCD4-91A58AE9FCD9}.Debug|Any CPU.ActiveCfg = Debug|Any CPU
		{4C92D673-CE23-4D60-BCD4-91A58AE9FCD9}.Debug|Any CPU.Build.0 = Debug|Any CPU
		{4C92D673-CE23-4D60-BCD4-91A58AE9FCD9}.Release|Any CPU.ActiveCfg = Release|Any CPU
		{4C92D673-CE23-4D60-BCD4-91A58AE9FCD9}.Release|Any CPU.Build.0 = Release|Any CPU
	EndGlobalSection
	GlobalSection(SolutionProperties) = preSolution
		HideSolutionNode = FALSE
	EndGlobalSection
	GlobalSection(ExtensibilityGlobals) = postSolution
		SolutionGuid = {FD0A5E72-6772-47FC-9728-4BBA56526970}
	EndGlobalSection
EndGlobal
